
Microsoft Visual Studio Solution File, Format Version 12.00
# Visual Studio Version 16
VisualStudioVersion = 16.0.31515.178
MinimumVisualStudioVersion = 10.0.40219.1
Project("{9A19103F-16F7-4668-BE54-9A1E7A4F7556}") = "Server", "Server\Server.csproj", "{1ABDE0D8-4F63-4744-89F7-E5D9A09F6B66}"
EndProject
Project("{9A19103F-16F7-4668-BE54-9A1E7A4F7556}") = "ServerCore", "ServerCore\ServerCore.csproj", "{06ED8AFA-B6C0-4BE7-91A7-500772887ADD}"
EndProject
Project("{9A19103F-16F7-4668-BE54-9A1E7A4F7556}") = "PacketGenerator", "PacketGenerator\PacketGenerator.csproj", "{E816DC4D-6681-412A-9BD1-534EC96D9E6E}"
EndProject
Project("{2150E333-8FDC-42A3-9474-1A3956D46DE8}") = "Tools", "Tools", "{CE4E348B-CAC6-4FB7-8DFB-67D92538BE8C}"
EndProject
Global
	GlobalSection(SolutionConfigurationPlatforms) = preSolution
		Debug|Any CPU = Debug|Any CPU
		Release|Any CPU = Release|Any CPU
	EndGlobalSection
	GlobalSection(ProjectConfigurationPlatforms) = postSolution
		{1ABDE0D8-4F63-4744-89F7-E5D9A09F6B66}.Debug|Any CPU.ActiveCfg = Debug|Any CPU
		{1ABDE0D8-4F63-4744-89F7-E5D9A09F6B66}.Debug|Any CPU.Build.0 = Debug|Any CPU
		{1ABDE0D8-4F63-4744-89F7-E5D9A09F6B66}.Release|Any CPU.ActiveCfg = Release|Any CPU
		{1ABDE0D8-4F63-4744-89F7-E5D9A09F6B66}.Release|Any CPU.Build.0 = Release|Any CPU
		{06ED8AFA-B6C0-4BE7-91A7-500772887ADD}.Debug|Any CPU.ActiveCfg = Debug|Any CPU
		{06ED8AFA-B6C0-4BE7-91A7-500772887ADD}.Debug|Any CPU.Build.0 = Debug|Any CPU
		{06ED8AFA-B6C0-4BE7-91A7-500772887ADD}.Release|Any CPU.ActiveCfg = Release|Any CPU
		{06ED8AFA-B6C0-4BE7-91A7-500772887ADD}.Release|Any CPU.Build.0 = Release|Any CPU
		{E816DC4D-6681-412A-9BD1-534EC96D9E6E}.Debug|Any CPU.ActiveCfg = Debug|Any CPU
		{E816DC4D-6681-412A-9BD1-534EC96D9E6E}.Debug|Any CPU.Build.0 = Debug|Any CPU
		{E816DC4D-6681-412A-9BD1-534EC96D9E6E}.Release|Any CPU.ActiveCfg = Release|Any CPU
		{E816DC4D-6681-412A-9BD1-534EC96D9E6E}.Release|Any CPU.Build.0 = Release|Any CPU
	EndGlobalSection
	GlobalSection(SolutionProperties) = preSolution
		HideSolutionNode = FALSE
	EndGlobalSection
	GlobalSection(NestedProjects) = preSolution
		{E816DC4D-6681-412A-9BD1-534EC96D9E6E} = {CE4E348B-CAC6-4FB7-8DFB-67D92538BE8C}
	EndGlobalSection
	GlobalSection(ExtensibilityGlobals) = postSolution
		SolutionGuid = {A20514FA-A89C-46D6-AD3C-1DB6857E750F}
	EndGlobalSection
EndGlobal
